{
  "originHash" : "87d1440bc97ea6158a6ceab39c26da0477255be51607f8d4129ff0c46332584b",
  "pins" : [
    {
      "identity" : "appauth-ios",
      "kind" : "remoteSourceControl",
      "location" : "https://github.com/openid/AppAuth-iOS",
      "state" : {
        "revision" : "145104f5ea9d58ae21b60add007c33c1cc0c948e",
        "version" : "2.0.0"
      }
    },
    {
      "identity" : "keychain-swift",
      "kind" : "remoteSourceControl",
      "location" : "https://github.com/evgenyneu/keychain-swift",
      "state" : {
        "revision" : "5e1b02b6a9dac2a759a1d5dbc175c86bd192a608",
        "version" : "24.0.0"
      }
    },
    {
      "identity" : "swiftui-tooltip",
      "kind" : "remoteSourceControl",
      "location" : "https://github.com/quassum/SwiftUI-Tooltip",
      "state" : {
        "revision" : "3bef9a21e2bcf1d0f078ddf6731c3c8996f32c3e",
        "version" : "1.4.0"
      }
    }
  ],
  "version" : 3
}
